{
  "name": "150-clinic-demo-agent",
  "lockfileVersion": 3,
  "requires": true,
  "packages": {
    "": {
      "dependencies": {
        "agent-opfor": "file:../agent-opfor/agent-opfor-0.1.0.tgz"
      }
    },
    "node_modules/agent-opfor": {
      "version": "0.1.0",
      "resolved": "file:../agent-opfor/agent-opfor-0.1.0.tgz",
      "integrity": "sha512-1fehf5G482oYww+afURSfWkcwDqUi9oYVbCt9DfsYEBzmTbyz+oUIV6sbR71zHJw7ZRDoldQ8gSFC8ar+YlnHg==",
      "license": "Apache-2.0",
      "workspaces": [
        "core",
        "runners/cli",
        "runners/mcp",
        "runners/extension",
        "runners/sdk"
      ],
      "engines": {
        "node": ">=18.0.0"
      }
    }
  }
}
